
Microsoft Visual Studio Solution File, Format Version 12.00
# Visual Studio Version 17
VisualStudioVersion = 17.3.32825.248
MinimumVisualStudioVersion = 10.0.40219.1
Project("{FAE04EC0-301F-11D3-BF4B-00C04F79EFBC}") = "Homework14", "Homework14\Homework14.csproj", "{635E4056-3B6B-42BC-B409-BFFEC8F5CEFE}"
EndProject
Global
	GlobalSection(SolutionConfigurationPlatforms) = preSolution
		Debug|Any CPU = Debug|Any CPU
		Release|Any CPU = Release|Any CPU
	EndGlobalSection
	GlobalSection(ProjectConfigurationPlatforms) = postSolution
		{635E4056-3B6B-42BC-B409-BFFEC8F5CEFE}.Debug|Any CPU.ActiveCfg = Debug|Any CPU
		{635E4056-3B6B-42BC-B409-BFFEC8F5CEFE}.Debug|Any CPU.Build.0 = Debug|Any CPU
		{635E4056-3B6B-42BC-B409-BFFEC8F5CEFE}.Release|Any CPU.ActiveCfg = Release|Any CPU
		{635E4056-3B6B-42BC-B409-BFFEC8F5CEFE}.Release|Any CPU.Build.0 = Release|Any CPU
	EndGlobalSection
	GlobalSection(SolutionProperties) = preSolution
		HideSolutionNode = FALSE
	EndGlobalSection
	GlobalSection(ExtensibilityGlobals) = postSolution
		SolutionGuid = {081DE99D-81D1-4259-AD05-98633B6BC712}
	EndGlobalSection
EndGlobal
